// !$*UTF8*$!
{
	archiveVersion = 1;
	classes = {
	};
	objectVersion = 48;
	objects = {

/* Begin PBXBuildFile section */
		E1198D8620EED024002AD480 /* AppDelegate.swift in Sources */ = {isa = PBXBuildFile; fileRef = E1198D8520EED024002AD480 /* AppDelegate.swift */; };
		E1198D8820EED024002AD480 /* ViewController.swift in Sources */ = {isa = PBXBuildFile; fileRef = E1198D8720EED024002AD480 /* ViewController.swift */; };
		E1198D8B20EED024002AD480 /* Main.storyboard in Resources */ = {isa = PBXBuildFile; fileRef = E1198D8920EED024002AD480 /* Main.storyboard */; };
		E1198D8D20EED024002AD480 /* Assets.xcassets in Resources */ = {isa = PBXBuildFile; fileRef = E1198D8C20EED024002AD480 /* Assets.xcassets */; };
		E1198D9020EED024002AD480 /* LaunchScreen.storyboard in Resources */ = {isa = PBXBuildFile; fileRef = E1198D8E20EED024002AD480 /* LaunchScreen.storyboard */; };
		E1198D9820EED14F002AD480 /* cachorro.png in Resources */ = {isa = PBXBuildFile; fileRef = E1198D9720EED14E002AD480 /* cachorro.png */; };
/* End PBXBuildFile section */

/* Begin PBXFileReference section */
		E1198D8220EED024002AD480 /* idadeDeCachorro.app */ = {isa = PBXFileReference; explicitFileType = wrapper.application; includeInIndex = 0; path = idadeDeCachorro.app; sourceTree = BUILT_PRODUCTS_DIR; };
		E1198D8520EED024002AD480 /* AppDelegate.swift */ = {isa = PBXFileReference; lastKnownFileType = sourcecode.swift; path = AppDelegate.swift; sourceTree = "<group>"; };
		E1198D8720EED024002AD480 /* ViewController.swift */ = {isa = PBXFileReference; lastKnownFileType = sourcecode.swift; path = ViewController.swift; sourceTree = "<group>"; };
		E1198D8A20EED024002AD480 /* Base */ = {isa = PBXFileReference; lastKnownFileType = file.storyboard; name = Base; path = Base.lproj/Main.storyboard; sourceTree = "<group>"; };
		E1198D8C20EED024002AD480 /* Assets.xcassets */ = {isa = PBXFileReference; lastKnownFileType = folder.assetcatalog; path = Assets.xcassets; sourceTree = "<group>"; };
		E1198D8F20EED024002AD480 /* Base */ = {isa = PBXFileReference; lastKnownFileType = file.storyboard; name = Base; path = Base.lproj/LaunchScreen.storyboard; sourceTree = "<group>"; };
		E1198D9120EED024002AD480 /* Info.plist */ = {isa = PBXFileReference; lastKnownFileType = text.plist.xml; path = Info.plist; sourceTree = "<group>"; };
		E1198D9720EED14E002AD480 /* cachorro.png */ = {isa = PBXFileReference; lastKnownFileType = image.png; path = cachorro.png; sourceTree = "<group>"; };
/* End PBXFileReference section */

/* Begin PBXFrameworksBuildPhase section */
		E1198D7F20EED024002AD480 /* Frameworks */ = {
			isa = PBXFrameworksBuildPhase;
			buildActionMask = 2147483647;
			files = (
			);
			runOnlyForDeploymentPostprocessing = 0;
		};
/* End PBXFrameworksBuildPhase section */

/* Begin PBXGroup section */
		E1198D7920EED024002AD480 = {
			isa = PBXGroup;
			children = (
				E1198D8420EED024002AD480 /* idadeDeCachorro */,
				E1198D8320EED024002AD480 /* Products */,
			);
			sourceTree = "<group>";
		};
		E1198D8320EED024002AD480 /* Products */ = {
			isa = PBXGroup;
			children = (
				E1198D8220EED024002AD480 /* idadeDeCachorro.app */,
			);
			name = Products;
			sourceTree = "<group>";
		};
		E1198D8420EED024002AD480 /* idadeDeCachorro */ = {
			isa = PBXGroup;
			children = (
				E1198D9720EED14E002AD480 /* cachorro.png */,
				E1198D8520EED024002AD480 /* AppDelegate.swift */,
				E1198D8720EED024002AD480 /* ViewController.swift */,
				E1198D8920EED024002AD480 /* Main.storyboard */,
				E1198D8C20EED024002AD480 /* Assets.xcassets */,
				E1198D8E20EED024002AD480 /* LaunchScreen.storyboard */,
				E1198D9120EED024002AD480 /* Info.plist */,
			);
			path = idadeDeCachorro;
			sourceTree = "<group>";
		};
/* End PBXGroup section */

/* Begin PBXNativeTarget section */
		E1198D8120EED024002AD480 /* idadeDeCachorro */ = {
			isa = PBXNativeTarget;
			buildConfigurationList = E1198D9420EED024002AD480 /* Build configuration list for PBXNativeTarget "idadeDeCachorro" */;
			buildPhases = (
				E1198D7E20EED024002AD480 /* Sources */,
				E1198D7F20EED024002AD480 /* Frameworks */,
				E1198D8020EED024002AD480 /* Resources */,
			);
			buildRules = (
			);
			dependencies = (
			);
			name = idadeDeCachorro;
			productName = idadeDeCachorro;
			productReference = E1198D8220EED024002AD480 /* idadeDeCachorro.app */;
			productType = "com.apple.product-type.application";
		};
/* End PBXNativeTarget section */

/* Begin PBXProject section */
		E1198D7A20EED024002AD480 /* Project object */ = {
			isa = PBXProject;
			attributes = {
				LastSwiftUpdateCheck = 0920;
				LastUpgradeCheck = 0920;
				ORGANIZATIONNAME = teste;
				TargetAttributes = {
					E1198D8120EED024002AD480 = {
						CreatedOnToolsVersion = 9.2;
						ProvisioningStyle = Automatic;
					};
				};
			};
			buildConfigurationList = E1198D7D20EED024002AD480 /* Build configuration list for PBXProject "idadeDeCachorro" */;
			compatibilityVersion = "Xcode 8.0";
			developmentRegion = en;
			hasScannedForEncodings = 0;
			knownRegions = (
				en,
				Base,
			);
			mainGroup = E1198D7920EED024002AD480;
			productRefGroup = E1198D8320EED024002AD480 /* Products */;
			projectDirPath = "";
			projectRoot = "";
			targets = (
				E1198D8120EED024002AD480 /* idadeDeCachorro */,
			);
		};
/* End PBXProject section */

/* Begin PBXResourcesBuildPhase section */
		E1198D8020EED024002AD480 /* Resources */ = {
			isa = PBXResourcesBuildPhase;
			buildActionMask = 2147483647;
			files = (
				E1198D9820EED14F002AD480 /* cachorro.png in Resources */,
				E1198D9020EED024002AD480 /* LaunchScreen.storyboard in Resources */,
				E1198D8D20EED024002AD480 /* Assets.xcassets in Resources */,
				E1198D8B20EED024002AD480 /* Main.storyboard in Resources */,
			);
			runOnlyForDeploymentPostprocessing = 0;
		};
/* End PBXResourcesBuildPhase section */

/* Begin PBXSourcesBuildPhase section */
		E1198D7E20EED024002AD480 /* Sources */ = {
			isa = PBXSourcesBuildPhase;
			buildActionMask = 2147483647;
			files = (
				E1198D8820EED024002AD480 /* ViewController.swift in Sources */,
				E1198D8620EED024002AD480 /* AppDelegate.swift in Sources */,
			);
			runOnlyForDeploymentPostprocessing = 0;
		};
/* End PBXSourcesBuildPhase section */

/* Begin PBXVariantGroup section */
		E1198D8920EED024002AD480 /* Main.storyboard */ = {
			isa = PBXVariantGroup;
			children = (
				E1198D8A20EED024002AD480 /* Base */,
			);
			name = Main.storyboard;
			sourceTree = "<group>";
		};
		E1198D8E20EED024002AD480 /* LaunchScreen.storyboard */ = {
			isa = PBXVariantGroup;
			children = (
				E1198D8F20EED024002AD480 /* Base */,
			);
			name = LaunchScreen.storyboard;
			sourceTree = "<group>";
		};
/* End PBXVariantGroup section */

/* Begin XCBuildConfiguration section */
		E1198D9220EED024002AD480 /* Debug */ = {
			isa = XCBuildConfiguration;
			buildSettings = {
				ALWAYS_SEARCH_USER_PATHS = NO;
				CLANG_ANALYZER_NONNULL = YES;
				CLANG_ANALYZER_NUMBER_OBJECT_CONVERSION = YES_AGGRESSIVE;
				CLANG_CXX_LANGUAGE_STANDARD = "gnu++14";
				CLANG_CXX_LIBRARY = "libc++";
				CLANG_ENABLE_MODULES = YES;
				CLANG_ENABLE_OBJC_ARC = YES;
				CLANG_WARN_BLOCK_CAPTURE_AUTORELEASING = YES;
				CLANG_WARN_BOOL_CONVERSION = YES;
				CLANG_WARN_COMMA = YES;
				CLANG_WARN_CONSTANT_CONVERSION = YES;
				CLANG_WARN_DIRECT_OBJC_ISA_USAGE = YES_ERROR;
				CLANG_WARN_DOCUMENTATION_COMMENTS = YES;
				CLANG_WARN_EMPTY_BODY = YES;
				CLANG_WARN_ENUM_CONVERSION = YES;
				CLANG_WARN_INFINITE_RECURSION = YES;
				CLANG_WARN_INT_CONVERSION = YES;
				CLANG_WARN_NON_LITERAL_NULL_CONVERSION = YES;
				CLANG_WARN_OBJC_LITERAL_CONVERSION = YES;
				CLANG_WARN_OBJC_ROOT_CLASS = YES_ERROR;
				CLANG_WARN_RANGE_LOOP_ANALYSIS = YES;
				CLANG_WARN_STRICT_PROTOTYPES = YES;
				CLANG_WARN_SUSPICIOUS_MOVE = YES;
				CLANG_WARN_UNGUARDED_AVAILABILITY = YES_AGGRESSIVE;
				CLANG_WARN_UNREACHABLE_CODE = YES;
				CLANG_WARN__DUPLICATE_METHOD_MATCH = YES;
				CODE_SIGN_IDENTITY = "iPhone Developer";
				COPY_PHASE_STRIP = NO;
				DEBUG_INFORMATION_FORMAT = dwarf;
				ENABLE_STRICT_OBJC_MSGSEND = YES;
				ENABLE_TESTABILITY = YES;
				GCC_C_LANGUAGE_STANDARD = gnu11;
				GCC_DYNAMIC_NO_PIC = NO;
				GCC_NO_COMMON_BLOCKS = YES;
				GCC_OPTIMIZATION_LEVEL = 0;
				GCC_PREPROCESSOR_DEFINITIONS = (
					"DEBUG=1",
					"$(inherited)",
				);
				GCC_WARN_64_TO_32_BIT_CONVERSION = YES;
				GCC_WARN_ABOUT_RETURN_TYPE = YES_ERROR;
				GCC_WARN_UNDECLARED_SELECTOR = YES;
				GCC_WARN_UNINITIALIZED_AUTOS = YES_AGGRESSIVE;
				GCC_WARN_UNUSED_FUNCTION = YES;
				GCC_WARN_UNUSED_VARIABLE = YES;
				IPHONEOS_DEPLOYMENT_TARGET = 11.2;
				MTL_ENABLE_DEBUG_INFO = YES;
				ONLY_ACTIVE_ARCH = YES;
				SDKROOT = iphoneos;
				SWIFT_ACTIVE_COMPILATION_CONDITIONS = DEBUG;
				SWIFT_OPTIMIZATION_LEVEL = "-Onone";
			};
			name = Debug;
		};
		E1198D9320EED024002AD480 /* Release */ = {
			isa = XCBuildConfiguration;
			buildSettings = {
				ALWAYS_SEARCH_USER_PATHS = NO;
				CLANG_ANALYZER_NONNULL = YES;
				CLANG_ANALYZER_NUMBER_OBJECT_CONVERSION = YES_AGGRESSIVE;
				CLANG_CXX_LANGUAGE_STANDARD = "gnu++14";
				CLANG_CXX_LIBRARY = "libc++";
				CLANG_ENABLE_MODULES = YES;
				CLANG_ENABLE_OBJC_ARC = YES;
				CLANG_WARN_BLOCK_CAPTURE_AUTORELEASING = YES;
				CLANG_WARN_BOOL_CONVERSION = YES;
				CLANG_WARN_COMMA = YES;
				CLANG_WARN_CONSTANT_CONVERSION = YES;
				CLANG_WARN_DIRECT_OBJC_ISA_USAGE = YES_ERROR;
				CLANG_WARN_DOCUMENTATION_COMMENTS = YES;
				CLANG_WARN_EMPTY_BODY = YES;
				CLANG_WARN_ENUM_CONVERSION = YES;
				CLANG_WARN_INFINITE_RECURSION = YES;
				CLANG_WARN_INT_CONVERSION = YES;
				CLANG_WARN_NON_LITERAL_NULL_CONVERSION = YES;
				CLANG_WARN_OBJC_LITERAL_CONVERSION = YES;
				CLANG_WARN_OBJC_ROOT_CLASS = YES_ERROR;
				CLANG_WARN_RANGE_LOOP_ANALYSIS = YES;
				CLANG_WARN_STRICT_PROTOTYPES = YES;
				CLANG_WARN_SUSPICIOUS_MOVE = YES;
				CLANG_WARN_UNGUARDED_AVAILABILITY = YES_AGGRESSIVE;
				CLANG_WARN_UNREACHABLE_CODE = YES;
				CLANG_WARN__DUPLICATE_METHOD_MATCH = YES;
				CODE_SIGN_IDENTITY = "iPhone Developer";
				COPY_PHASE_STRIP = NO;
				DEBUG_INFORMATION_FORMAT = "dwarf-with-dsym";
				ENABLE_NS_ASSERTIONS = NO;
				ENABLE_STRICT_OBJC_MSGSEND = YES;
				GCC_C_LANGUAGE_STANDARD = gnu11;
				GCC_NO_COMMON_BLOCKS = YES;
				GCC_WARN_64_TO_32_BIT_CONVERSION = YES;
				GCC_WARN_ABOUT_RETURN_TYPE = YES_ERROR;
				GCC_WARN_UNDECLARED_SELECTOR = YES;
				GCC_WARN_UNINITIALIZED_AUTOS = YES_AGGRESSIVE;
				GCC_WARN_UNUSED_FUNCTION = YES;
				GCC_WARN_UNUSED_VARIABLE = YES;
				IPHONEOS_DEPLOYMENT_TARGET = 11.2;
				MTL_ENABLE_DEBUG_INFO = NO;
				SDKROOT = iphoneos;
				SWIFT_OPTIMIZATION_LEVEL = "-Owholemodule";
				VALIDATE_PRODUCT = YES;
			};
			name = Release;
		};
		E1198D9520EED024002AD480 /* Debug */ = {
			isa = XCBuildConfiguration;
			buildSettings = {
				ASSETCATALOG_COMPILER_APPICON_NAME = AppIcon;
				CODE_SIGN_STYLE = Automatic;
				INFOPLIST_FILE = idadeDeCachorro/Info.plist;
				LD_RUNPATH_SEARCH_PATHS = "$(inherited) @executable_path/Frameworks";
				PRODUCT_BUNDLE_IDENTIFIER = com.teste.idadeDeCachorro;
				PRODUCT_NAME = "$(TARGET_NAME)";
				SWIFT_VERSION = 4.0;
				TARGETED_DEVICE_FAMILY = "1,2";
			};
			name = Debug;
		};
		E1198D9620EED024002AD480 /* Release */ = {
			isa = XCBuildConfiguration;
			buildSettings = {
				ASSETCATALOG_COMPILER_APPICON_NAME = AppIcon;
				CODE_SIGN_STYLE = Automatic;
				INFOPLIST_FILE = idadeDeCachorro/Info.plist;
				LD_RUNPATH_SEARCH_PATHS = "$(inherited) @executable_path/Frameworks";
				PRODUCT_BUNDLE_IDENTIFIER = com.teste.idadeDeCachorro;
				PRODUCT_NAME = "$(TARGET_NAME)";
				SWIFT_VERSION = 4.0;
				TARGETED_DEVICE_FAMILY = "1,2";
			};
			name = Release;
		};
/* End XCBuildConfiguration section */

/* Begin XCConfigurationList section */
		E1198D7D20EED024002AD480 /* Build configuration list for PBXProject "idadeDeCachorro" */ = {
			isa = XCConfigurationList;
			buildConfigurations = (
				E1198D9220EED024002AD480 /* Debug */,
				E1198D9320EED024002AD480 /* Release */,
			);
			defaultConfigurationIsVisible = 0;
			defaultConfigurationName = Release;
		};
		E1198D9420EED024002AD480 /* Build configuration list for PBXNativeTarget "idadeDeCachorro" */ = {
			isa = XCConfigurationList;
			buildConfigurations = (
				E1198D9520EED024002AD480 /* Debug */,
				E1198D9620EED024002AD480 /* Release */,
			);
			defaultConfigurationIsVisible = 0;
			defaultConfigurationName = Release;
		};
/* End XCConfigurationList section */
	};
	rootObject = E1198D7A20EED024002AD480 /* Project object */;
}
